
Microsoft Visual Studio Solution File, Format Version 12.00
# Visual Studio Version 16
VisualStudioVersion = 16.0.31729.503
MinimumVisualStudioVersion = 10.0.40219.1
Project("{9A19103F-16F7-4668-BE54-9A1E7A4F7556}") = "Calculator", "Calculator.csproj", "{B62A48D8-C1A6-46DD-A179-9DFBC1D72D54}"
EndProject
Project("{FAE04EC0-301F-11D3-BF4B-00C04F79EFBC}") = "Evaiuate", "..\Evaiuate\Evaiuate.csproj", "{DC80F37F-F4A9-40CC-B629-90660674677B}"
EndProject
Project("{FAE04EC0-301F-11D3-BF4B-00C04F79EFBC}") = "Summ", "..\Summ\Summ.csproj", "{3007C382-AF82-4C90-AB95-2101BC8CF09C}"
EndProject
Global
	GlobalSection(SolutionConfigurationPlatforms) = preSolution
		Debug|Any CPU = Debug|Any CPU
		Release|Any CPU = Release|Any CPU
	EndGlobalSection
	GlobalSection(ProjectConfigurationPlatforms) = postSolution
		{B62A48D8-C1A6-46DD-A179-9DFBC1D72D54}.Debug|Any CPU.ActiveCfg = Debug|Any CPU
		{B62A48D8-C1A6-46DD-A179-9DFBC1D72D54}.Debug|Any CPU.Build.0 = Debug|Any CPU
		{B62A48D8-C1A6-46DD-A179-9DFBC1D72D54}.Release|Any CPU.ActiveCfg = Release|Any CPU
		{B62A48D8-C1A6-46DD-A179-9DFBC1D72D54}.Release|Any CPU.Build.0 = Release|Any CPU
		{DC80F37F-F4A9-40CC-B629-90660674677B}.Debug|Any CPU.ActiveCfg = Debug|Any CPU
		{DC80F37F-F4A9-40CC-B629-90660674677B}.Debug|Any CPU.Build.0 = Debug|Any CPU
		{DC80F37F-F4A9-40CC-B629-90660674677B}.Release|Any CPU.ActiveCfg = Release|Any CPU
		{DC80F37F-F4A9-40CC-B629-90660674677B}.Release|Any CPU.Build.0 = Release|Any CPU
		{3007C382-AF82-4C90-AB95-2101BC8CF09C}.Debug|Any CPU.ActiveCfg = Debug|Any CPU
		{3007C382-AF82-4C90-AB95-2101BC8CF09C}.Debug|Any CPU.Build.0 = Debug|Any CPU
		{3007C382-AF82-4C90-AB95-2101BC8CF09C}.Release|Any CPU.ActiveCfg = Release|Any CPU
		{3007C382-AF82-4C90-AB95-2101BC8CF09C}.Release|Any CPU.Build.0 = Release|Any CPU
	EndGlobalSection
	GlobalSection(SolutionProperties) = preSolution
		HideSolutionNode = FALSE
	EndGlobalSection
	GlobalSection(ExtensibilityGlobals) = postSolution
		SolutionGuid = {2DA4FBD2-D746-4E2E-B65B-F32D177E7FB0}
	EndGlobalSection
EndGlobal
